
Microsoft Visual Studio Solution File, Format Version 12.00
# Visual Studio Version 17
VisualStudioVersion = 17.9.34728.123
MinimumVisualStudioVersion = 10.0.40219.1
Project("{FAE04EC0-301F-11D3-BF4B-00C04F79EFBC}") = "JWP_LAB_KOL_A", "JWP_LAB_KOL_A.csproj", "{D123B266-94D0-4D3E-9E47-D5E04A126986}"
EndProject
Global
	GlobalSection(SolutionConfigurationPlatforms) = preSolution
		Debug|Any CPU = Debug|Any CPU
		Release|Any CPU = Release|Any CPU
	EndGlobalSection
	GlobalSection(ProjectConfigurationPlatforms) = postSolution
		{D123B266-94D0-4D3E-9E47-D5E04A126986}.Debug|Any CPU.ActiveCfg = Debug|Any CPU
		{D123B266-94D0-4D3E-9E47-D5E04A126986}.Debug|Any CPU.Build.0 = Debug|Any CPU
		{D123B266-94D0-4D3E-9E47-D5E04A126986}.Release|Any CPU.ActiveCfg = Release|Any CPU
		{D123B266-94D0-4D3E-9E47-D5E04A126986}.Release|Any CPU.Build.0 = Release|Any CPU
	EndGlobalSection
	GlobalSection(SolutionProperties) = preSolution
		HideSolutionNode = FALSE
	EndGlobalSection
	GlobalSection(ExtensibilityGlobals) = postSolution
		SolutionGuid = {5AE42E78-E0DA-442D-BC15-9977E9ECFBC0}
	EndGlobalSection
EndGlobal
